
Microsoft Visual Studio Solution File, Format Version 12.00
# Visual Studio Version 17
VisualStudioVersion = 17.0.32014.148
MinimumVisualStudioVersion = 10.0.40219.1
Project("{2150E333-8FDC-42A3-9474-1A3956D46DE8}") = "Services", "Services", "{82015932-D28F-454E-94DB-C47C8FE5AC9E}"
EndProject
Project("{2150E333-8FDC-42A3-9474-1A3956D46DE8}") = "Catalog", "Catalog", "{F1DA9042-6838-46C9-A66C-78E280A56DDE}"
EndProject
Project("{9A19103F-16F7-4668-BE54-9A1E7A4F7556}") = "Catalog.API", "Services\Catalog\Catalog.API\Catalog.API.csproj", "{E5AC9A68-5A12-4424-9926-1B23E5ED21B7}"
EndProject
Project("{E53339B2-1760-4266-BCC7-CA923CBCF16C}") = "docker-compose", "docker-compose.dcproj", "{76BB8DF1-E027-4ADC-A1DA-AE56A755AB6E}"
EndProject
Project("{2150E333-8FDC-42A3-9474-1A3956D46DE8}") = "Basket", "Basket", "{03A65FDD-3BC3-45D1-A761-AD32C16E1D56}"
EndProject
Project("{9A19103F-16F7-4668-BE54-9A1E7A4F7556}") = "Basket.API", "Services\Basket\Basket.API\Basket.API.csproj", "{50FF028A-2892-4083-912D-18FDEFE31CEF}"
EndProject
Project("{2150E333-8FDC-42A3-9474-1A3956D46DE8}") = "Discount", "Discount", "{D8BBA9FC-0DAA-41E7-8A34-1813DE2CEA58}"
EndProject
Project("{9A19103F-16F7-4668-BE54-9A1E7A4F7556}") = "Discount.API", "Services\Discount\Discount.API\Discount.API.csproj", "{8A4122F3-E015-43C7-8476-6F6AAF049759}"
EndProject
Project("{9A19103F-16F7-4668-BE54-9A1E7A4F7556}") = "Discount.GRPC", "Services\Discount\Discount.GRPC\Discount.GRPC.csproj", "{EA0E8204-7410-40C0-A9F5-A866641E5922}"
EndProject
Project("{2150E333-8FDC-42A3-9474-1A3956D46DE8}") = "Ordering", "Ordering", "{84BF8803-69E5-43F7-8790-6EB03C48292B}"
EndProject
Project("{FAE04EC0-301F-11D3-BF4B-00C04F79EFBC}") = "Ordering.API", "Services\Ordering\Ordering.API\Ordering.API.csproj", "{EC4FF56A-6253-44C5-B1FC-F1732AC33C1A}"
EndProject
Global
	GlobalSection(SolutionConfigurationPlatforms) = preSolution
		Debug|Any CPU = Debug|Any CPU
		Release|Any CPU = Release|Any CPU
	EndGlobalSection
	GlobalSection(ProjectConfigurationPlatforms) = postSolution
		{E5AC9A68-5A12-4424-9926-1B23E5ED21B7}.Debug|Any CPU.ActiveCfg = Debug|Any CPU
		{E5AC9A68-5A12-4424-9926-1B23E5ED21B7}.Debug|Any CPU.Build.0 = Debug|Any CPU
		{E5AC9A68-5A12-4424-9926-1B23E5ED21B7}.Release|Any CPU.ActiveCfg = Release|Any CPU
		{E5AC9A68-5A12-4424-9926-1B23E5ED21B7}.Release|Any CPU.Build.0 = Release|Any CPU
		{76BB8DF1-E027-4ADC-A1DA-AE56A755AB6E}.Debug|Any CPU.ActiveCfg = Debug|Any CPU
		{76BB8DF1-E027-4ADC-A1DA-AE56A755AB6E}.Debug|Any CPU.Build.0 = Debug|Any CPU
		{76BB8DF1-E027-4ADC-A1DA-AE56A755AB6E}.Release|Any CPU.ActiveCfg = Release|Any CPU
		{76BB8DF1-E027-4ADC-A1DA-AE56A755AB6E}.Release|Any CPU.Build.0 = Release|Any CPU
		{50FF028A-2892-4083-912D-18FDEFE31CEF}.Debug|Any CPU.ActiveCfg = Debug|Any CPU
		{50FF028A-2892-4083-912D-18FDEFE31CEF}.Debug|Any CPU.Build.0 = Debug|Any CPU
		{50FF028A-2892-4083-912D-18FDEFE31CEF}.Release|Any CPU.ActiveCfg = Release|Any CPU
		{50FF028A-2892-4083-912D-18FDEFE31CEF}.Release|Any CPU.Build.0 = Release|Any CPU
		{8A4122F3-E015-43C7-8476-6F6AAF049759}.Debug|Any CPU.ActiveCfg = Debug|Any CPU
		{8A4122F3-E015-43C7-8476-6F6AAF049759}.Debug|Any CPU.Build.0 = Debug|Any CPU
		{8A4122F3-E015-43C7-8476-6F6AAF049759}.Release|Any CPU.ActiveCfg = Release|Any CPU
		{8A4122F3-E015-43C7-8476-6F6AAF049759}.Release|Any CPU.Build.0 = Release|Any CPU
		{EA0E8204-7410-40C0-A9F5-A866641E5922}.Debug|Any CPU.ActiveCfg = Debug|Any CPU
		{EA0E8204-7410-40C0-A9F5-A866641E5922}.Debug|Any CPU.Build.0 = Debug|Any CPU
		{EA0E8204-7410-40C0-A9F5-A866641E5922}.Release|Any CPU.ActiveCfg = Release|Any CPU
		{EA0E8204-7410-40C0-A9F5-A866641E5922}.Release|Any CPU.Build.0 = Release|Any CPU
		{EC4FF56A-6253-44C5-B1FC-F1732AC33C1A}.Debug|Any CPU.ActiveCfg = Debug|Any CPU
		{EC4FF56A-6253-44C5-B1FC-F1732AC33C1A}.Debug|Any CPU.Build.0 = Debug|Any CPU
		{EC4FF56A-6253-44C5-B1FC-F1732AC33C1A}.Release|Any CPU.ActiveCfg = Release|Any CPU
		{EC4FF56A-6253-44C5-B1FC-F1732AC33C1A}.Release|Any CPU.Build.0 = Release|Any CPU
	EndGlobalSection
	GlobalSection(SolutionProperties) = preSolution
		HideSolutionNode = FALSE
	EndGlobalSection
	GlobalSection(NestedProjects) = preSolution
		{F1DA9042-6838-46C9-A66C-78E280A56DDE} = {82015932-D28F-454E-94DB-C47C8FE5AC9E}
		{E5AC9A68-5A12-4424-9926-1B23E5ED21B7} = {F1DA9042-6838-46C9-A66C-78E280A56DDE}
		{03A65FDD-3BC3-45D1-A761-AD32C16E1D56} = {82015932-D28F-454E-94DB-C47C8FE5AC9E}
		{50FF028A-2892-4083-912D-18FDEFE31CEF} = {03A65FDD-3BC3-45D1-A761-AD32C16E1D56}
		{D8BBA9FC-0DAA-41E7-8A34-1813DE2CEA58} = {82015932-D28F-454E-94DB-C47C8FE5AC9E}
		{8A4122F3-E015-43C7-8476-6F6AAF049759} = {D8BBA9FC-0DAA-41E7-8A34-1813DE2CEA58}
		{EA0E8204-7410-40C0-A9F5-A866641E5922} = {D8BBA9FC-0DAA-41E7-8A34-1813DE2CEA58}
		{84BF8803-69E5-43F7-8790-6EB03C48292B} = {82015932-D28F-454E-94DB-C47C8FE5AC9E}
		{EC4FF56A-6253-44C5-B1FC-F1732AC33C1A} = {84BF8803-69E5-43F7-8790-6EB03C48292B}
	EndGlobalSection
	GlobalSection(ExtensibilityGlobals) = postSolution
		SolutionGuid = {AD1F6189-E492-433D-BECE-D13A3FADE103}
	EndGlobalSection
EndGlobal
